// !$*UTF8*$!
{
	archiveVersion = 1;
	classes = {
	};
	objectVersion = 56;
	objects = {

/* Begin PBXBuildFile section */
		DE5BB7202A4196E800379537 /* MovieListApp.swift in Sources */ = {isa = PBXBuildFile; fileRef = DE5BB71F2A4196E800379537 /* MovieListApp.swift */; };
		DE5BB7222A4196E800379537 /* MovieListView.swift in Sources */ = {isa = PBXBuildFile; fileRef = DE5BB7212A4196E800379537 /* MovieListView.swift */; };
		DE5BB7242A4196E900379537 /* Assets.xcassets in Resources */ = {isa = PBXBuildFile; fileRef = DE5BB7232A4196E900379537 /* Assets.xcassets */; };
		DE5BB7272A4196E900379537 /* Preview Assets.xcassets in Resources */ = {isa = PBXBuildFile; fileRef = DE5BB7262A4196E900379537 /* Preview Assets.xcassets */; };
		DE5BB74E2A41981400379537 /* movies.json in Resources */ = {isa = PBXBuildFile; fileRef = DE5BB74D2A41981400379537 /* movies.json */; };
		DE5BB7522A419A6400379537 /* Movie.swift in Sources */ = {isa = PBXBuildFile; fileRef = DE5BB7512A419A6400379537 /* Movie.swift */; };
		DE5BB7542A419B0200379537 /* MovieListViewModel.swift in Sources */ = {isa = PBXBuildFile; fileRef = DE5BB7532A419B0200379537 /* MovieListViewModel.swift */; };
		DE5BB7572A419CCE00379537 /* Bundle+Extensions.swift in Sources */ = {isa = PBXBuildFile; fileRef = DE5BB7562A419CCE00379537 /* Bundle+Extensions.swift */; };
		DE5BB75C2A41A0EA00379537 /* MovieListRow.swift in Sources */ = {isa = PBXBuildFile; fileRef = DE5BB75B2A41A0EA00379537 /* MovieListRow.swift */; };
		DE5BB75E2A41A34A00379537 /* MovieListRowViewModel.swift in Sources */ = {isa = PBXBuildFile; fileRef = DE5BB75D2A41A34A00379537 /* MovieListRowViewModel.swift */; };
		DE5BB7612A41A3A900379537 /* Utilities.swift in Sources */ = {isa = PBXBuildFile; fileRef = DE5BB7602A41A3A900379537 /* Utilities.swift */; };
		DE5BB7632A41AC7500379537 /* MovieDetailsView.swift in Sources */ = {isa = PBXBuildFile; fileRef = DE5BB7622A41AC7500379537 /* MovieDetailsView.swift */; };
		DE5BB7652A41AC8A00379537 /* MovieDetailsViewModel.swift in Sources */ = {isa = PBXBuildFile; fileRef = DE5BB7642A41AC8A00379537 /* MovieDetailsViewModel.swift */; };
		DE5BB7672A41B82C00379537 /* MovieDetailsHeaderView.swift in Sources */ = {isa = PBXBuildFile; fileRef = DE5BB7662A41B82C00379537 /* MovieDetailsHeaderView.swift */; };
/* End PBXBuildFile section */

/* Begin PBXFileReference section */
		DE5BB71C2A4196E800379537 /* MovieList.app */ = {isa = PBXFileReference; explicitFileType = wrapper.application; includeInIndex = 0; path = MovieList.app; sourceTree = BUILT_PRODUCTS_DIR; };
		DE5BB71F2A4196E800379537 /* MovieListApp.swift */ = {isa = PBXFileReference; lastKnownFileType = sourcecode.swift; path = MovieListApp.swift; sourceTree = "<group>"; };
		DE5BB7212A4196E800379537 /* MovieListView.swift */ = {isa = PBXFileReference; lastKnownFileType = sourcecode.swift; path = MovieListView.swift; sourceTree = "<group>"; };
		DE5BB7232A4196E900379537 /* Assets.xcassets */ = {isa = PBXFileReference; lastKnownFileType = folder.assetcatalog; path = Assets.xcassets; sourceTree = "<group>"; };
		DE5BB7262A4196E900379537 /* Preview Assets.xcassets */ = {isa = PBXFileReference; lastKnownFileType = folder.assetcatalog; path = "Preview Assets.xcassets"; sourceTree = "<group>"; };
		DE5BB74D2A41981400379537 /* movies.json */ = {isa = PBXFileReference; lastKnownFileType = text.json; path = movies.json; sourceTree = "<group>"; };
		DE5BB7512A419A6400379537 /* Movie.swift */ = {isa = PBXFileReference; lastKnownFileType = sourcecode.swift; path = Movie.swift; sourceTree = "<group>"; };
		DE5BB7532A419B0200379537 /* MovieListViewModel.swift */ = {isa = PBXFileReference; lastKnownFileType = sourcecode.swift; path = MovieListViewModel.swift; sourceTree = "<group>"; };
		DE5BB7562A419CCE00379537 /* Bundle+Extensions.swift */ = {isa = PBXFileReference; lastKnownFileType = sourcecode.swift; path = "Bundle+Extensions.swift"; sourceTree = "<group>"; };
		DE5BB75B2A41A0EA00379537 /* MovieListRow.swift */ = {isa = PBXFileReference; lastKnownFileType = sourcecode.swift; path = MovieListRow.swift; sourceTree = "<group>"; };
		DE5BB75D2A41A34A00379537 /* MovieListRowViewModel.swift */ = {isa = PBXFileReference; lastKnownFileType = sourcecode.swift; path = MovieListRowViewModel.swift; sourceTree = "<group>"; };
		DE5BB7602A41A3A900379537 /* Utilities.swift */ = {isa = PBXFileReference; lastKnownFileType = sourcecode.swift; path = Utilities.swift; sourceTree = "<group>"; };
		DE5BB7622A41AC7500379537 /* MovieDetailsView.swift */ = {isa = PBXFileReference; lastKnownFileType = sourcecode.swift; path = MovieDetailsView.swift; sourceTree = "<group>"; };
		DE5BB7642A41AC8A00379537 /* MovieDetailsViewModel.swift */ = {isa = PBXFileReference; lastKnownFileType = sourcecode.swift; path = MovieDetailsViewModel.swift; sourceTree = "<group>"; };
		DE5BB7662A41B82C00379537 /* MovieDetailsHeaderView.swift */ = {isa = PBXFileReference; lastKnownFileType = sourcecode.swift; path = MovieDetailsHeaderView.swift; sourceTree = "<group>"; };
/* End PBXFileReference section */

/* Begin PBXFrameworksBuildPhase section */
		DE5BB7192A4196E800379537 /* Frameworks */ = {
			isa = PBXFrameworksBuildPhase;
			buildActionMask = 2147483647;
			files = (
			);
			runOnlyForDeploymentPostprocessing = 0;
		};
/* End PBXFrameworksBuildPhase section */

/* Begin PBXGroup section */
		DE044F1C2A41F55400B99336 /* Resources */ = {
			isa = PBXGroup;
			children = (
				DE5BB74D2A41981400379537 /* movies.json */,
			);
			path = Resources;
			sourceTree = "<group>";
		};
		DE5BB7132A4196E800379537 = {
			isa = PBXGroup;
			children = (
				DE5BB71E2A4196E800379537 /* MovieList */,
				DE5BB71D2A4196E800379537 /* Products */,
			);
			sourceTree = "<group>";
		};
		DE5BB71D2A4196E800379537 /* Products */ = {
			isa = PBXGroup;
			children = (
				DE5BB71C2A4196E800379537 /* MovieList.app */,
			);
			name = Products;
			sourceTree = "<group>";
		};
		DE5BB71E2A4196E800379537 /* MovieList */ = {
			isa = PBXGroup;
			children = (
				DE5BB74B2A41978600379537 /* ViewModel */,
				DE5BB74A2A41977B00379537 /* View */,
				DE5BB7492A41976E00379537 /* Model */,
				DE5BB7582A41A0B200379537 /* Row */,
				DE5BB7552A419CB400379537 /* Extensions */,
				DE5BB74C2A41979A00379537 /* Utilities */,
				DE044F1C2A41F55400B99336 /* Resources */,
				DE5BB7232A4196E900379537 /* Assets.xcassets */,
				DE5BB7252A4196E900379537 /* Preview Content */,
			);
			path = MovieList;
			sourceTree = "<group>";
		};
		DE5BB7252A4196E900379537 /* Preview Content */ = {
			isa = PBXGroup;
			children = (
				DE5BB7262A4196E900379537 /* Preview Assets.xcassets */,
			);
			path = "Preview Content";
			sourceTree = "<group>";
		};
		DE5BB7492A41976E00379537 /* Model */ = {
			isa = PBXGroup;
			children = (
				DE5BB7512A419A6400379537 /* Movie.swift */,
			);
			path = Model;
			sourceTree = "<group>";
		};
		DE5BB74A2A41977B00379537 /* View */ = {
			isa = PBXGroup;
			children = (
				DE5BB71F2A4196E800379537 /* MovieListApp.swift */,
				DE5BB7212A4196E800379537 /* MovieListView.swift */,
				DE5BB7622A41AC7500379537 /* MovieDetailsView.swift */,
				DE5BB7662A41B82C00379537 /* MovieDetailsHeaderView.swift */,
			);
			path = View;
			sourceTree = "<group>";
		};
		DE5BB74B2A41978600379537 /* ViewModel */ = {
			isa = PBXGroup;
			children = (
				DE5BB7532A419B0200379537 /* MovieListViewModel.swift */,
				DE5BB75D2A41A34A00379537 /* MovieListRowViewModel.swift */,
				DE5BB7642A41AC8A00379537 /* MovieDetailsViewModel.swift */,
			);
			path = ViewModel;
			sourceTree = "<group>";
		};
		DE5BB74C2A41979A00379537 /* Utilities */ = {
			isa = PBXGroup;
			children = (
				DE5BB7602A41A3A900379537 /* Utilities.swift */,
			);
			path = Utilities;
			sourceTree = "<group>";
		};
		DE5BB7552A419CB400379537 /* Extensions */ = {
			isa = PBXGroup;
			children = (
				DE5BB7562A419CCE00379537 /* Bundle+Extensions.swift */,
			);
			path = Extensions;
			sourceTree = "<group>";
		};
		DE5BB7582A41A0B200379537 /* Row */ = {
			isa = PBXGroup;
			children = (
				DE5BB75B2A41A0EA00379537 /* MovieListRow.swift */,
			);
			path = Row;
			sourceTree = "<group>";
		};
/* End PBXGroup section */

/* Begin PBXNativeTarget section */
		DE5BB71B2A4196E800379537 /* MovieList */ = {
			isa = PBXNativeTarget;
			buildConfigurationList = DE5BB7402A4196EA00379537 /* Build configuration list for PBXNativeTarget "MovieList" */;
			buildPhases = (
				DE5BB7182A4196E800379537 /* Sources */,
				DE5BB7192A4196E800379537 /* Frameworks */,
				DE5BB71A2A4196E800379537 /* Resources */,
			);
			buildRules = (
			);
			dependencies = (
			);
			name = MovieList;
			productName = MovieList;
			productReference = DE5BB71C2A4196E800379537 /* MovieList.app */;
			productType = "com.apple.product-type.application";
		};
/* End PBXNativeTarget section */

/* Begin PBXProject section */
		DE5BB7142A4196E800379537 /* Project object */ = {
			isa = PBXProject;
			attributes = {
				BuildIndependentTargetsInParallel = 1;
				LastSwiftUpdateCheck = 1430;
				LastUpgradeCheck = 1430;
				TargetAttributes = {
					DE5BB71B2A4196E800379537 = {
						CreatedOnToolsVersion = 14.3.1;
					};
				};
			};
			buildConfigurationList = DE5BB7172A4196E800379537 /* Build configuration list for PBXProject "MovieList" */;
			compatibilityVersion = "Xcode 14.0";
			developmentRegion = en;
			hasScannedForEncodings = 0;
			knownRegions = (
				en,
				Base,
			);
			mainGroup = DE5BB7132A4196E800379537;
			productRefGroup = DE5BB71D2A4196E800379537 /* Products */;
			projectDirPath = "";
			projectRoot = "";
			targets = (
				DE5BB71B2A4196E800379537 /* MovieList */,
			);
		};
/* End PBXProject section */

/* Begin PBXResourcesBuildPhase section */
		DE5BB71A2A4196E800379537 /* Resources */ = {
			isa = PBXResourcesBuildPhase;
			buildActionMask = 2147483647;
			files = (
				DE5BB7272A4196E900379537 /* Preview Assets.xcassets in Resources */,
				DE5BB7242A4196E900379537 /* Assets.xcassets in Resources */,
				DE5BB74E2A41981400379537 /* movies.json in Resources */,
			);
			runOnlyForDeploymentPostprocessing = 0;
		};
/* End PBXResourcesBuildPhase section */

/* Begin PBXSourcesBuildPhase section */
		DE5BB7182A4196E800379537 /* Sources */ = {
			isa = PBXSourcesBuildPhase;
			buildActionMask = 2147483647;
			files = (
				DE5BB7652A41AC8A00379537 /* MovieDetailsViewModel.swift in Sources */,
				DE5BB7222A4196E800379537 /* MovieListView.swift in Sources */,
				DE5BB75C2A41A0EA00379537 /* MovieListRow.swift in Sources */,
				DE5BB7572A419CCE00379537 /* Bundle+Extensions.swift in Sources */,
				DE5BB7522A419A6400379537 /* Movie.swift in Sources */,
				DE5BB7202A4196E800379537 /* MovieListApp.swift in Sources */,
				DE5BB75E2A41A34A00379537 /* MovieListRowViewModel.swift in Sources */,
				DE5BB7632A41AC7500379537 /* MovieDetailsView.swift in Sources */,
				DE5BB7612A41A3A900379537 /* Utilities.swift in Sources */,
				DE5BB7542A419B0200379537 /* MovieListViewModel.swift in Sources */,
				DE5BB7672A41B82C00379537 /* MovieDetailsHeaderView.swift in Sources */,
			);
			runOnlyForDeploymentPostprocessing = 0;
		};
/* End PBXSourcesBuildPhase section */

/* Begin XCBuildConfiguration section */
		DE5BB73E2A4196EA00379537 /* Debug */ = {
			isa = XCBuildConfiguration;
			buildSettings = {
				ALWAYS_SEARCH_USER_PATHS = NO;
				CLANG_ANALYZER_NONNULL = YES;
				CLANG_ANALYZER_NUMBER_OBJECT_CONVERSION = YES_AGGRESSIVE;
				CLANG_CXX_LANGUAGE_STANDARD = "gnu++20";
				CLANG_ENABLE_MODULES = YES;
				CLANG_ENABLE_OBJC_ARC = YES;
				CLANG_ENABLE_OBJC_WEAK = YES;
				CLANG_WARN_BLOCK_CAPTURE_AUTORELEASING = YES;
				CLANG_WARN_BOOL_CONVERSION = YES;
				CLANG_WARN_COMMA = YES;
				CLANG_WARN_CONSTANT_CONVERSION = YES;
				CLANG_WARN_DEPRECATED_OBJC_IMPLEMENTATIONS = YES;
				CLANG_WARN_DIRECT_OBJC_ISA_USAGE = YES_ERROR;
				CLANG_WARN_DOCUMENTATION_COMMENTS = YES;
				CLANG_WARN_EMPTY_BODY = YES;
				CLANG_WARN_ENUM_CONVERSION = YES;
				CLANG_WARN_INFINITE_RECURSION = YES;
				CLANG_WARN_INT_CONVERSION = YES;
				CLANG_WARN_NON_LITERAL_NULL_CONVERSION = YES;
				CLANG_WARN_OBJC_IMPLICIT_RETAIN_SELF = YES;
				CLANG_WARN_OBJC_LITERAL_CONVERSION = YES;
				CLANG_WARN_OBJC_ROOT_CLASS = YES_ERROR;
				CLANG_WARN_QUOTED_INCLUDE_IN_FRAMEWORK_HEADER = YES;
				CLANG_WARN_RANGE_LOOP_ANALYSIS = YES;
				CLANG_WARN_STRICT_PROTOTYPES = YES;
				CLANG_WARN_SUSPICIOUS_MOVE = YES;
				CLANG_WARN_UNGUARDED_AVAILABILITY = YES_AGGRESSIVE;
				CLANG_WARN_UNREACHABLE_CODE = YES;
				CLANG_WARN__DUPLICATE_METHOD_MATCH = YES;
				COPY_PHASE_STRIP = NO;
				DEBUG_INFORMATION_FORMAT = dwarf;
				ENABLE_STRICT_OBJC_MSGSEND = YES;
				ENABLE_TESTABILITY = YES;
				GCC_C_LANGUAGE_STANDARD = gnu11;
				GCC_DYNAMIC_NO_PIC = NO;
				GCC_NO_COMMON_BLOCKS = YES;
				GCC_OPTIMIZATION_LEVEL = 0;
				GCC_PREPROCESSOR_DEFINITIONS = (
					"DEBUG=1",
					"$(inherited)",
				);
				GCC_WARN_64_TO_32_BIT_CONVERSION = YES;
				GCC_WARN_ABOUT_RETURN_TYPE = YES_ERROR;
				GCC_WARN_UNDECLARED_SELECTOR = YES;
				GCC_WARN_UNINITIALIZED_AUTOS = YES_AGGRESSIVE;
				GCC_WARN_UNUSED_FUNCTION = YES;
				GCC_WARN_UNUSED_VARIABLE = YES;
				IPHONEOS_DEPLOYMENT_TARGET = 16.4;
				MTL_ENABLE_DEBUG_INFO = INCLUDE_SOURCE;
				MTL_FAST_MATH = YES;
				ONLY_ACTIVE_ARCH = YES;
				SDKROOT = iphoneos;
				SWIFT_ACTIVE_COMPILATION_CONDITIONS = DEBUG;
				SWIFT_OPTIMIZATION_LEVEL = "-Onone";
			};
			name = Debug;
		};
		DE5BB73F2A4196EA00379537 /* Release */ = {
			isa = XCBuildConfiguration;
			buildSettings = {
				ALWAYS_SEARCH_USER_PATHS = NO;
				CLANG_ANALYZER_NONNULL = YES;
				CLANG_ANALYZER_NUMBER_OBJECT_CONVERSION = YES_AGGRESSIVE;
				CLANG_CXX_LANGUAGE_STANDARD = "gnu++20";
				CLANG_ENABLE_MODULES = YES;
				CLANG_ENABLE_OBJC_ARC = YES;
				CLANG_ENABLE_OBJC_WEAK = YES;
				CLANG_WARN_BLOCK_CAPTURE_AUTORELEASING = YES;
				CLANG_WARN_BOOL_CONVERSION = YES;
				CLANG_WARN_COMMA = YES;
				CLANG_WARN_CONSTANT_CONVERSION = YES;
				CLANG_WARN_DEPRECATED_OBJC_IMPLEMENTATIONS = YES;
				CLANG_WARN_DIRECT_OBJC_ISA_USAGE = YES_ERROR;
				CLANG_WARN_DOCUMENTATION_COMMENTS = YES;
				CLANG_WARN_EMPTY_BODY = YES;
				CLANG_WARN_ENUM_CONVERSION = YES;
				CLANG_WARN_INFINITE_RECURSION = YES;
				CLANG_WARN_INT_CONVERSION = YES;
				CLANG_WARN_NON_LITERAL_NULL_CONVERSION = YES;
				CLANG_WARN_OBJC_IMPLICIT_RETAIN_SELF = YES;
				CLANG_WARN_OBJC_LITERAL_CONVERSION = YES;
				CLANG_WARN_OBJC_ROOT_CLASS = YES_ERROR;
				CLANG_WARN_QUOTED_INCLUDE_IN_FRAMEWORK_HEADER = YES;
				CLANG_WARN_RANGE_LOOP_ANALYSIS = YES;
				CLANG_WARN_STRICT_PROTOTYPES = YES;
				CLANG_WARN_SUSPICIOUS_MOVE = YES;
				CLANG_WARN_UNGUARDED_AVAILABILITY = YES_AGGRESSIVE;
				CLANG_WARN_UNREACHABLE_CODE = YES;
				CLANG_WARN__DUPLICATE_METHOD_MATCH = YES;
				COPY_PHASE_STRIP = NO;
				DEBUG_INFORMATION_FORMAT = "dwarf-with-dsym";
				ENABLE_NS_ASSERTIONS = NO;
				ENABLE_STRICT_OBJC_MSGSEND = YES;
				GCC_C_LANGUAGE_STANDARD = gnu11;
				GCC_NO_COMMON_BLOCKS = YES;
				GCC_WARN_64_TO_32_BIT_CONVERSION = YES;
				GCC_WARN_ABOUT_RETURN_TYPE = YES_ERROR;
				GCC_WARN_UNDECLARED_SELECTOR = YES;
				GCC_WARN_UNINITIALIZED_AUTOS = YES_AGGRESSIVE;
				GCC_WARN_UNUSED_FUNCTION = YES;
				GCC_WARN_UNUSED_VARIABLE = YES;
				IPHONEOS_DEPLOYMENT_TARGET = 16.4;
				MTL_ENABLE_DEBUG_INFO = NO;
				MTL_FAST_MATH = YES;
				SDKROOT = iphoneos;
				SWIFT_COMPILATION_MODE = wholemodule;
				SWIFT_OPTIMIZATION_LEVEL = "-O";
				VALIDATE_PRODUCT = YES;
			};
			name = Release;
		};
		DE5BB7412A4196EA00379537 /* Debug */ = {
			isa = XCBuildConfiguration;
			buildSettings = {
				ASSETCATALOG_COMPILER_APPICON_NAME = AppIcon;
				ASSETCATALOG_COMPILER_GLOBAL_ACCENT_COLOR_NAME = AccentColor;
				CODE_SIGN_STYLE = Automatic;
				CURRENT_PROJECT_VERSION = 1;
				DEVELOPMENT_ASSET_PATHS = "\"MovieList/Preview Content\"";
				ENABLE_PREVIEWS = YES;
				GENERATE_INFOPLIST_FILE = YES;
				INFOPLIST_KEY_CFBundleDisplayName = "Movie List";
				INFOPLIST_KEY_UIApplicationSceneManifest_Generation = YES;
				INFOPLIST_KEY_UIApplicationSupportsIndirectInputEvents = YES;
				INFOPLIST_KEY_UILaunchScreen_Generation = YES;
				INFOPLIST_KEY_UISupportedInterfaceOrientations = UIInterfaceOrientationPortrait;
				INFOPLIST_KEY_UISupportedInterfaceOrientations_iPad = "UIInterfaceOrientationPortrait UIInterfaceOrientationPortraitUpsideDown";
				LD_RUNPATH_SEARCH_PATHS = (
					"$(inherited)",
					"@executable_path/Frameworks",
				);
				MARKETING_VERSION = 1.0;
				PRODUCT_BUNDLE_IDENTIFIER = com.company.MovieList;
				PRODUCT_NAME = "$(TARGET_NAME)";
				SUPPORTED_PLATFORMS = "iphoneos iphonesimulator";
				SUPPORTS_MACCATALYST = NO;
				SUPPORTS_MAC_DESIGNED_FOR_IPHONE_IPAD = NO;
				SWIFT_EMIT_LOC_STRINGS = YES;
				SWIFT_VERSION = 5.0;
				TARGETED_DEVICE_FAMILY = 1;
			};
			name = Debug;
		};
		DE5BB7422A4196EA00379537 /* Release */ = {
			isa = XCBuildConfiguration;
			buildSettings = {
				ASSETCATALOG_COMPILER_APPICON_NAME = AppIcon;
				ASSETCATALOG_COMPILER_GLOBAL_ACCENT_COLOR_NAME = AccentColor;
				CODE_SIGN_STYLE = Automatic;
				CURRENT_PROJECT_VERSION = 1;
				DEVELOPMENT_ASSET_PATHS = "\"MovieList/Preview Content\"";
				ENABLE_PREVIEWS = YES;
				GENERATE_INFOPLIST_FILE = YES;
				INFOPLIST_KEY_CFBundleDisplayName = "Movie List";
				INFOPLIST_KEY_UIApplicationSceneManifest_Generation = YES;
				INFOPLIST_KEY_UIApplicationSupportsIndirectInputEvents = YES;
				INFOPLIST_KEY_UILaunchScreen_Generation = YES;
				INFOPLIST_KEY_UISupportedInterfaceOrientations = UIInterfaceOrientationPortrait;
				INFOPLIST_KEY_UISupportedInterfaceOrientations_iPad = "UIInterfaceOrientationPortrait UIInterfaceOrientationPortraitUpsideDown";
				LD_RUNPATH_SEARCH_PATHS = (
					"$(inherited)",
					"@executable_path/Frameworks",
				);
				MARKETING_VERSION = 1.0;
				PRODUCT_BUNDLE_IDENTIFIER = com.company.MovieList;
				PRODUCT_NAME = "$(TARGET_NAME)";
				SUPPORTED_PLATFORMS = "iphoneos iphonesimulator";
				SUPPORTS_MACCATALYST = NO;
				SUPPORTS_MAC_DESIGNED_FOR_IPHONE_IPAD = NO;
				SWIFT_EMIT_LOC_STRINGS = YES;
				SWIFT_VERSION = 5.0;
				TARGETED_DEVICE_FAMILY = 1;
			};
			name = Release;
		};
/* End XCBuildConfiguration section */

/* Begin XCConfigurationList section */
		DE5BB7172A4196E800379537 /* Build configuration list for PBXProject "MovieList" */ = {
			isa = XCConfigurationList;
			buildConfigurations = (
				DE5BB73E2A4196EA00379537 /* Debug */,
				DE5BB73F2A4196EA00379537 /* Release */,
			);
			defaultConfigurationIsVisible = 0;
			defaultConfigurationName = Release;
		};
		DE5BB7402A4196EA00379537 /* Build configuration list for PBXNativeTarget "MovieList" */ = {
			isa = XCConfigurationList;
			buildConfigurations = (
				DE5BB7412A4196EA00379537 /* Debug */,
				DE5BB7422A4196EA00379537 /* Release */,
			);
			defaultConfigurationIsVisible = 0;
			defaultConfigurationName = Release;
		};
/* End XCConfigurationList section */
	};
	rootObject = DE5BB7142A4196E800379537 /* Project object */;
}
